
Microsoft Visual Studio Solution File, Format Version 12.00
# Visual Studio Version 16
VisualStudioVersion = 16.0.34601.136
MinimumVisualStudioVersion = 10.0.40219.1
Project("{FAE04EC0-301F-11D3-BF4B-00C04F79EFBC}") = "MathQuiz", "MathQuiz.csproj", "{563B74B5-82D8-405C-A12A-1BFB7E9154F5}"
EndProject
Global
	GlobalSection(SolutionConfigurationPlatforms) = preSolution
		Debug|Any CPU = Debug|Any CPU
		Release|Any CPU = Release|Any CPU
	EndGlobalSection
	GlobalSection(ProjectConfigurationPlatforms) = postSolution
		{563B74B5-82D8-405C-A12A-1BFB7E9154F5}.Debug|Any CPU.ActiveCfg = Debug|Any CPU
		{563B74B5-82D8-405C-A12A-1BFB7E9154F5}.Debug|Any CPU.Build.0 = Debug|Any CPU
		{563B74B5-82D8-405C-A12A-1BFB7E9154F5}.Release|Any CPU.ActiveCfg = Release|Any CPU
		{563B74B5-82D8-405C-A12A-1BFB7E9154F5}.Release|Any CPU.Build.0 = Release|Any CPU
	EndGlobalSection
	GlobalSection(SolutionProperties) = preSolution
		HideSolutionNode = FALSE
	EndGlobalSection
	GlobalSection(ExtensibilityGlobals) = postSolution
		SolutionGuid = {33722D2D-581F-4284-B085-B38D9915AAD5}
	EndGlobalSection
EndGlobal
